
Microsoft Visual Studio Solution File, Format Version 12.00
# Visual Studio 14
VisualStudioVersion = 14.0.25420.1
MinimumVisualStudioVersion = 10.0.40219.1
Project("{FAE04EC0-301F-11D3-BF4B-00C04F79EFBC}") = "ATWPJWebService", "ATWPJWebService\ATWPJWebService.csproj", "{32E840FF-82FB-4876-8E5C-B993E71000DE}"
EndProject
Project("{FAE04EC0-301F-11D3-BF4B-00C04F79EFBC}") = "TestCoordinateGrouping", "TestCoordinateGrouping\TestCoordinateGrouping.csproj", "{638220EC-8D64-4E9C-83A9-4058C8E68195}"
EndProject
Project("{FAE04EC0-301F-11D3-BF4B-00C04F79EFBC}") = "AdminClient", "AdminClient\AdminClient.csproj", "{3B17DB2A-5773-4DA6-8D3B-CD5C6216AC18}"
EndProject
Project("{FAE04EC0-301F-11D3-BF4B-00C04F79EFBC}") = "TestServiceCommunication", "TestServiceCommunication\TestServiceCommunication.csproj", "{5BBFC9DB-C3CC-487D-ADCA-EFF0D20778C4}"
EndProject
Project("{FAE04EC0-301F-11D3-BF4B-00C04F79EFBC}") = "Shared", "Shared\Shared.csproj", "{66DE6A6F-0C7B-42E2-81D6-CBA6DF0BCE39}"
EndProject
Global
	GlobalSection(SolutionConfigurationPlatforms) = preSolution
		Debug|Any CPU = Debug|Any CPU
		Release|Any CPU = Release|Any CPU
	EndGlobalSection
	GlobalSection(ProjectConfigurationPlatforms) = postSolution
		{32E840FF-82FB-4876-8E5C-B993E71000DE}.Debug|Any CPU.ActiveCfg = Debug|Any CPU
		{32E840FF-82FB-4876-8E5C-B993E71000DE}.Debug|Any CPU.Build.0 = Debug|Any CPU
		{32E840FF-82FB-4876-8E5C-B993E71000DE}.Release|Any CPU.ActiveCfg = Release|Any CPU
		{32E840FF-82FB-4876-8E5C-B993E71000DE}.Release|Any CPU.Build.0 = Release|Any CPU
		{638220EC-8D64-4E9C-83A9-4058C8E68195}.Debug|Any CPU.ActiveCfg = Debug|Any CPU
		{638220EC-8D64-4E9C-83A9-4058C8E68195}.Debug|Any CPU.Build.0 = Debug|Any CPU
		{638220EC-8D64-4E9C-83A9-4058C8E68195}.Release|Any CPU.ActiveCfg = Release|Any CPU
		{638220EC-8D64-4E9C-83A9-4058C8E68195}.Release|Any CPU.Build.0 = Release|Any CPU
		{3B17DB2A-5773-4DA6-8D3B-CD5C6216AC18}.Debug|Any CPU.ActiveCfg = Debug|Any CPU
		{3B17DB2A-5773-4DA6-8D3B-CD5C6216AC18}.Debug|Any CPU.Build.0 = Debug|Any CPU
		{3B17DB2A-5773-4DA6-8D3B-CD5C6216AC18}.Release|Any CPU.ActiveCfg = Release|Any CPU
		{3B17DB2A-5773-4DA6-8D3B-CD5C6216AC18}.Release|Any CPU.Build.0 = Release|Any CPU
		{5BBFC9DB-C3CC-487D-ADCA-EFF0D20778C4}.Debug|Any CPU.ActiveCfg = Debug|Any CPU
		{5BBFC9DB-C3CC-487D-ADCA-EFF0D20778C4}.Debug|Any CPU.Build.0 = Debug|Any CPU
		{5BBFC9DB-C3CC-487D-ADCA-EFF0D20778C4}.Release|Any CPU.ActiveCfg = Release|Any CPU
		{5BBFC9DB-C3CC-487D-ADCA-EFF0D20778C4}.Release|Any CPU.Build.0 = Release|Any CPU
		{66DE6A6F-0C7B-42E2-81D6-CBA6DF0BCE39}.Debug|Any CPU.ActiveCfg = Debug|Any CPU
		{66DE6A6F-0C7B-42E2-81D6-CBA6DF0BCE39}.Debug|Any CPU.Build.0 = Debug|Any CPU
		{66DE6A6F-0C7B-42E2-81D6-CBA6DF0BCE39}.Release|Any CPU.ActiveCfg = Release|Any CPU
		{66DE6A6F-0C7B-42E2-81D6-CBA6DF0BCE39}.Release|Any CPU.Build.0 = Release|Any CPU
	EndGlobalSection
	GlobalSection(SolutionProperties) = preSolution
		HideSolutionNode = FALSE
	EndGlobalSection
EndGlobal
